
Microsoft Visual Studio Solution File, Format Version 12.00
# Visual Studio Version 16
VisualStudioVersion = 16.0.32929.386
MinimumVisualStudioVersion = 10.0.40219.1
Project("{FAE04EC0-301F-11D3-BF4B-00C04F79EFBC}") = "QLDL", "QLDL\QLDL.csproj", "{278F9511-8FA8-4F22-8EE1-38AFB7BC293A}"
EndProject
Project("{FAE04EC0-301F-11D3-BF4B-00C04F79EFBC}") = "UnitTestLogin", "UnitTestLogin\UnitTestLogin.csproj", "{C607147E-95FE-4D64-8EC4-5E07A3B9E2B5}"
EndProject
Global
	GlobalSection(SolutionConfigurationPlatforms) = preSolution
		Debug|Any CPU = Debug|Any CPU
		Release|Any CPU = Release|Any CPU
	EndGlobalSection
	GlobalSection(ProjectConfigurationPlatforms) = postSolution
		{278F9511-8FA8-4F22-8EE1-38AFB7BC293A}.Debug|Any CPU.ActiveCfg = Debug|Any CPU
		{278F9511-8FA8-4F22-8EE1-38AFB7BC293A}.Debug|Any CPU.Build.0 = Debug|Any CPU
		{278F9511-8FA8-4F22-8EE1-38AFB7BC293A}.Release|Any CPU.ActiveCfg = Release|Any CPU
		{278F9511-8FA8-4F22-8EE1-38AFB7BC293A}.Release|Any CPU.Build.0 = Release|Any CPU
		{C607147E-95FE-4D64-8EC4-5E07A3B9E2B5}.Debug|Any CPU.ActiveCfg = Debug|Any CPU
		{C607147E-95FE-4D64-8EC4-5E07A3B9E2B5}.Debug|Any CPU.Build.0 = Debug|Any CPU
		{C607147E-95FE-4D64-8EC4-5E07A3B9E2B5}.Release|Any CPU.ActiveCfg = Release|Any CPU
		{C607147E-95FE-4D64-8EC4-5E07A3B9E2B5}.Release|Any CPU.Build.0 = Release|Any CPU
	EndGlobalSection
	GlobalSection(SolutionProperties) = preSolution
		HideSolutionNode = FALSE
	EndGlobalSection
	GlobalSection(ExtensibilityGlobals) = postSolution
		SolutionGuid = {17009BBD-A060-46AA-9FF0-F1B7C3B3DE8E}
	EndGlobalSection
EndGlobal
